
Microsoft Visual Studio Solution File, Format Version 12.00
# Visual Studio Version 17
VisualStudioVersion = 17.4.33110.190
MinimumVisualStudioVersion = 10.0.40219.1
Project("{FAE04EC0-301F-11D3-BF4B-00C04F79EFBC}") = "WhiteboardingWeek6", "WhiteboardingWeek6\WhiteboardingWeek6.csproj", "{F38DC317-E860-4D20-82FF-1F109E0D8DB1}"
EndProject
Global
	GlobalSection(SolutionConfigurationPlatforms) = preSolution
		Debug|Any CPU = Debug|Any CPU
		Release|Any CPU = Release|Any CPU
	EndGlobalSection
	GlobalSection(ProjectConfigurationPlatforms) = postSolution
		{F38DC317-E860-4D20-82FF-1F109E0D8DB1}.Debug|Any CPU.ActiveCfg = Debug|Any CPU
		{F38DC317-E860-4D20-82FF-1F109E0D8DB1}.Debug|Any CPU.Build.0 = Debug|Any CPU
		{F38DC317-E860-4D20-82FF-1F109E0D8DB1}.Release|Any CPU.ActiveCfg = Release|Any CPU
		{F38DC317-E860-4D20-82FF-1F109E0D8DB1}.Release|Any CPU.Build.0 = Release|Any CPU
	EndGlobalSection
	GlobalSection(SolutionProperties) = preSolution
		HideSolutionNode = FALSE
	EndGlobalSection
	GlobalSection(ExtensibilityGlobals) = postSolution
		SolutionGuid = {6FDEEEEB-96C5-4243-A6CA-5576F5094DE9}
	EndGlobalSection
EndGlobal
